
Microsoft Visual Studio Solution File, Format Version 12.00
# Visual Studio 15
Project("{FAE04EC0-301F-11D3-BF4B-00C04F79EFBC}") = "Assembly-CSharp", "Assembly-CSharp.csproj", "{EFD3BF1D-1D19-6AE4-B3CC-950DA91329BC}"
EndProject
Global
	GlobalSection(SolutionConfigurationPlatforms) = preSolution
		Debug|Any CPU = Debug|Any CPU
		Release|Any CPU = Release|Any CPU
	EndGlobalSection
	GlobalSection(ProjectConfigurationPlatforms) = postSolution
		{EFD3BF1D-1D19-6AE4-B3CC-950DA91329BC}.Debug|Any CPU.ActiveCfg = Debug|Any CPU
		{EFD3BF1D-1D19-6AE4-B3CC-950DA91329BC}.Debug|Any CPU.Build.0 = Debug|Any CPU
		{EFD3BF1D-1D19-6AE4-B3CC-950DA91329BC}.Release|Any CPU.ActiveCfg = Release|Any CPU
		{EFD3BF1D-1D19-6AE4-B3CC-950DA91329BC}.Release|Any CPU.Build.0 = Release|Any CPU
	EndGlobalSection
	GlobalSection(SolutionProperties) = preSolution
		HideSolutionNode = FALSE
	EndGlobalSection
EndGlobal
